
Microsoft Visual Studio Solution File, Format Version 12.00
# Visual Studio Version 16
VisualStudioVersion = 16.0.30717.126
MinimumVisualStudioVersion = 10.0.40219.1
Project("{9A19103F-16F7-4668-BE54-9A1E7A4F7556}") = "ShoppingListAppLibrary", "ShoppingListLibrary\ShoppingListAppLibrary.csproj", "{7F48C24C-79A1-45CB-BDE1-E1742B21882C}"
EndProject
Project("{9A19103F-16F7-4668-BE54-9A1E7A4F7556}") = "ShoppingListApp.Web", "ShoppingListApp.Web\ShoppingListApp.Web.csproj", "{4C8C7517-C42D-4C70-8EAC-1B6AA2C78240}"
EndProject
Project("{9A19103F-16F7-4668-BE54-9A1E7A4F7556}") = "ShoppingListApp.Desktop", "ShoppingListApp.Desktop\ShoppingListApp.Desktop.csproj", "{AF0BEC5A-38D5-48EA-BEE4-F6D89A20630D}"
EndProject
Project("{00D1A9C2-B5F0-4AF3-8072-F6C62B433612}") = "ShoppingListAppDB", "ShoppingListAppDB\ShoppingListAppDB.sqlproj", "{F60F4A30-1FB0-4356-806B-83350B91FEC2}"
EndProject
Global
	GlobalSection(SolutionConfigurationPlatforms) = preSolution
		Debug|Any CPU = Debug|Any CPU
		Release|Any CPU = Release|Any CPU
	EndGlobalSection
	GlobalSection(ProjectConfigurationPlatforms) = postSolution
		{7F48C24C-79A1-45CB-BDE1-E1742B21882C}.Debug|Any CPU.ActiveCfg = Debug|Any CPU
		{7F48C24C-79A1-45CB-BDE1-E1742B21882C}.Debug|Any CPU.Build.0 = Debug|Any CPU
		{7F48C24C-79A1-45CB-BDE1-E1742B21882C}.Release|Any CPU.ActiveCfg = Release|Any CPU
		{7F48C24C-79A1-45CB-BDE1-E1742B21882C}.Release|Any CPU.Build.0 = Release|Any CPU
		{4C8C7517-C42D-4C70-8EAC-1B6AA2C78240}.Debug|Any CPU.ActiveCfg = Debug|Any CPU
		{4C8C7517-C42D-4C70-8EAC-1B6AA2C78240}.Debug|Any CPU.Build.0 = Debug|Any CPU
		{4C8C7517-C42D-4C70-8EAC-1B6AA2C78240}.Release|Any CPU.ActiveCfg = Release|Any CPU
		{4C8C7517-C42D-4C70-8EAC-1B6AA2C78240}.Release|Any CPU.Build.0 = Release|Any CPU
		{AF0BEC5A-38D5-48EA-BEE4-F6D89A20630D}.Debug|Any CPU.ActiveCfg = Debug|Any CPU
		{AF0BEC5A-38D5-48EA-BEE4-F6D89A20630D}.Debug|Any CPU.Build.0 = Debug|Any CPU
		{AF0BEC5A-38D5-48EA-BEE4-F6D89A20630D}.Release|Any CPU.ActiveCfg = Release|Any CPU
		{AF0BEC5A-38D5-48EA-BEE4-F6D89A20630D}.Release|Any CPU.Build.0 = Release|Any CPU
		{F60F4A30-1FB0-4356-806B-83350B91FEC2}.Debug|Any CPU.ActiveCfg = Debug|Any CPU
		{F60F4A30-1FB0-4356-806B-83350B91FEC2}.Debug|Any CPU.Build.0 = Debug|Any CPU
		{F60F4A30-1FB0-4356-806B-83350B91FEC2}.Debug|Any CPU.Deploy.0 = Debug|Any CPU
		{F60F4A30-1FB0-4356-806B-83350B91FEC2}.Release|Any CPU.ActiveCfg = Release|Any CPU
		{F60F4A30-1FB0-4356-806B-83350B91FEC2}.Release|Any CPU.Build.0 = Release|Any CPU
		{F60F4A30-1FB0-4356-806B-83350B91FEC2}.Release|Any CPU.Deploy.0 = Release|Any CPU
	EndGlobalSection
	GlobalSection(SolutionProperties) = preSolution
		HideSolutionNode = FALSE
	EndGlobalSection
	GlobalSection(ExtensibilityGlobals) = postSolution
		SolutionGuid = {12AD73EF-AE97-460B-84C7-604E1B883D64}
	EndGlobalSection
EndGlobal
